
Microsoft Visual Studio Solution File, Format Version 12.00
# Visual Studio Version 16
VisualStudioVersion = 16.0.31129.286
MinimumVisualStudioVersion = 10.0.40219.1
Project("{FAE04EC0-301F-11D3-BF4B-00C04F79EFBC}") = "devopsAzureEgitim", "devopsAzureEgitim\devopsAzureEgitim.csproj", "{A2CE29B2-FD40-4FD6-96C5-0813306CEF9E}"
EndProject
Global
	GlobalSection(SolutionConfigurationPlatforms) = preSolution
		Debug|Any CPU = Debug|Any CPU
		Release|Any CPU = Release|Any CPU
	EndGlobalSection
	GlobalSection(ProjectConfigurationPlatforms) = postSolution
		{A2CE29B2-FD40-4FD6-96C5-0813306CEF9E}.Debug|Any CPU.ActiveCfg = Debug|Any CPU
		{A2CE29B2-FD40-4FD6-96C5-0813306CEF9E}.Debug|Any CPU.Build.0 = Debug|Any CPU
		{A2CE29B2-FD40-4FD6-96C5-0813306CEF9E}.Release|Any CPU.ActiveCfg = Release|Any CPU
		{A2CE29B2-FD40-4FD6-96C5-0813306CEF9E}.Release|Any CPU.Build.0 = Release|Any CPU
	EndGlobalSection
	GlobalSection(SolutionProperties) = preSolution
		HideSolutionNode = FALSE
	EndGlobalSection
	GlobalSection(ExtensibilityGlobals) = postSolution
		SolutionGuid = {2024C5DA-93CC-43BA-AF83-3AD21419E929}
	EndGlobalSection
EndGlobal
